
Microsoft Visual Studio Solution File, Format Version 12.00
Project("{2150E333-8FDC-42A3-9474-1A3956D46DE8}") = "Server", "Server", "{92D3EAA1-63F9-4CC3-933A-69D27481302B}"
EndProject
Project("{FAE04EC0-301F-11D3-BF4B-00C04F79EFBC}") = "Entities", "Server\Entities\Entities.csproj", "{4B74D6B4-D9FF-45BE-8792-735A179C5B06}"
EndProject
Project("{FAE04EC0-301F-11D3-BF4B-00C04F79EFBC}") = "RepositoryContracts", "Server\RepositoryContracts\RepositoryContracts.csproj", "{5A9A5221-2EDD-417E-946F-28B9FED01759}"
EndProject
Project("{FAE04EC0-301F-11D3-BF4B-00C04F79EFBC}") = "InMemoryRepositories", "Server\InMemoryRepositories\InMemoryRepositories.csproj", "{9FCD64B2-2D07-4947-B9AF-CE5F3043762D}"
EndProject
Project("{FAE04EC0-301F-11D3-BF4B-00C04F79EFBC}") = "CLI", "Server\CLI\CLI.csproj", "{3F3D8FC9-FCF1-4150-8143-80AE1A2A5B0E}"
EndProject
Project("{FAE04EC0-301F-11D3-BF4B-00C04F79EFBC}") = "FileRepositories", "Server\FileRepositories\FileRepositories.csproj", "{88314754-F268-4E3A-A3F5-73B988B0E89C}"
EndProject
Project("{2150E333-8FDC-42A3-9474-1A3956D46DE8}") = "Shared", "Shared", "{279B4037-6B4C-4925-B173-8CECF60483E9}"
EndProject
Project("{FAE04EC0-301F-11D3-BF4B-00C04F79EFBC}") = "ApiContracts", "Shared\ApiContracts\ApiContracts.csproj", "{511E283B-33FD-4202-BFAC-F5C647A4E823}"
EndProject
Project("{FAE04EC0-301F-11D3-BF4B-00C04F79EFBC}") = "WebAPI", "Server\WebAPI\WebAPI.csproj", "{D3BBCCEE-4FDA-450B-B8DB-532F255975BF}"
EndProject
Global
	GlobalSection(SolutionConfigurationPlatforms) = preSolution
		Debug|Any CPU = Debug|Any CPU
		Release|Any CPU = Release|Any CPU
	EndGlobalSection
	GlobalSection(NestedProjects) = preSolution
		{4B74D6B4-D9FF-45BE-8792-735A179C5B06} = {92D3EAA1-63F9-4CC3-933A-69D27481302B}
		{5A9A5221-2EDD-417E-946F-28B9FED01759} = {92D3EAA1-63F9-4CC3-933A-69D27481302B}
		{9FCD64B2-2D07-4947-B9AF-CE5F3043762D} = {92D3EAA1-63F9-4CC3-933A-69D27481302B}
		{3F3D8FC9-FCF1-4150-8143-80AE1A2A5B0E} = {92D3EAA1-63F9-4CC3-933A-69D27481302B}
		{88314754-F268-4E3A-A3F5-73B988B0E89C} = {92D3EAA1-63F9-4CC3-933A-69D27481302B}
		{511E283B-33FD-4202-BFAC-F5C647A4E823} = {279B4037-6B4C-4925-B173-8CECF60483E9}
		{D3BBCCEE-4FDA-450B-B8DB-532F255975BF} = {92D3EAA1-63F9-4CC3-933A-69D27481302B}
	EndGlobalSection
	GlobalSection(ProjectConfigurationPlatforms) = postSolution
		{4B74D6B4-D9FF-45BE-8792-735A179C5B06}.Debug|Any CPU.ActiveCfg = Debug|Any CPU
		{4B74D6B4-D9FF-45BE-8792-735A179C5B06}.Debug|Any CPU.Build.0 = Debug|Any CPU
		{4B74D6B4-D9FF-45BE-8792-735A179C5B06}.Release|Any CPU.ActiveCfg = Release|Any CPU
		{4B74D6B4-D9FF-45BE-8792-735A179C5B06}.Release|Any CPU.Build.0 = Release|Any CPU
		{5A9A5221-2EDD-417E-946F-28B9FED01759}.Debug|Any CPU.ActiveCfg = Debug|Any CPU
		{5A9A5221-2EDD-417E-946F-28B9FED01759}.Debug|Any CPU.Build.0 = Debug|Any CPU
		{5A9A5221-2EDD-417E-946F-28B9FED01759}.Release|Any CPU.ActiveCfg = Release|Any CPU
		{5A9A5221-2EDD-417E-946F-28B9FED01759}.Release|Any CPU.Build.0 = Release|Any CPU
		{9FCD64B2-2D07-4947-B9AF-CE5F3043762D}.Debug|Any CPU.ActiveCfg = Debug|Any CPU
		{9FCD64B2-2D07-4947-B9AF-CE5F3043762D}.Debug|Any CPU.Build.0 = Debug|Any CPU
		{9FCD64B2-2D07-4947-B9AF-CE5F3043762D}.Release|Any CPU.ActiveCfg = Release|Any CPU
		{9FCD64B2-2D07-4947-B9AF-CE5F3043762D}.Release|Any CPU.Build.0 = Release|Any CPU
		{3F3D8FC9-FCF1-4150-8143-80AE1A2A5B0E}.Debug|Any CPU.ActiveCfg = Debug|Any CPU
		{3F3D8FC9-FCF1-4150-8143-80AE1A2A5B0E}.Debug|Any CPU.Build.0 = Debug|Any CPU
		{3F3D8FC9-FCF1-4150-8143-80AE1A2A5B0E}.Release|Any CPU.ActiveCfg = Release|Any CPU
		{3F3D8FC9-FCF1-4150-8143-80AE1A2A5B0E}.Release|Any CPU.Build.0 = Release|Any CPU
		{88314754-F268-4E3A-A3F5-73B988B0E89C}.Debug|Any CPU.ActiveCfg = Debug|Any CPU
		{88314754-F268-4E3A-A3F5-73B988B0E89C}.Debug|Any CPU.Build.0 = Debug|Any CPU
		{88314754-F268-4E3A-A3F5-73B988B0E89C}.Release|Any CPU.ActiveCfg = Release|Any CPU
		{88314754-F268-4E3A-A3F5-73B988B0E89C}.Release|Any CPU.Build.0 = Release|Any CPU
		{511E283B-33FD-4202-BFAC-F5C647A4E823}.Debug|Any CPU.ActiveCfg = Debug|Any CPU
		{511E283B-33FD-4202-BFAC-F5C647A4E823}.Debug|Any CPU.Build.0 = Debug|Any CPU
		{511E283B-33FD-4202-BFAC-F5C647A4E823}.Release|Any CPU.ActiveCfg = Release|Any CPU
		{511E283B-33FD-4202-BFAC-F5C647A4E823}.Release|Any CPU.Build.0 = Release|Any CPU
		{D3BBCCEE-4FDA-450B-B8DB-532F255975BF}.Debug|Any CPU.ActiveCfg = Debug|Any CPU
		{D3BBCCEE-4FDA-450B-B8DB-532F255975BF}.Debug|Any CPU.Build.0 = Debug|Any CPU
		{D3BBCCEE-4FDA-450B-B8DB-532F255975BF}.Release|Any CPU.ActiveCfg = Release|Any CPU
		{D3BBCCEE-4FDA-450B-B8DB-532F255975BF}.Release|Any CPU.Build.0 = Release|Any CPU
	EndGlobalSection
EndGlobal
